
Microsoft Visual Studio Solution File, Format Version 12.00
# Visual Studio Version 16
VisualStudioVersion = 16.0.29201.188
MinimumVisualStudioVersion = 10.0.40219.1
Project("{FAE04EC0-301F-11D3-BF4B-00C04F79EFBC}") = "Agenda", "Agenda\Agenda.csproj", "{9A9A464A-531D-41FF-A0B2-0F440B4D49A7}"
EndProject
Global
	GlobalSection(SolutionConfigurationPlatforms) = preSolution
		Debug|Any CPU = Debug|Any CPU
		Release|Any CPU = Release|Any CPU
	EndGlobalSection
	GlobalSection(ProjectConfigurationPlatforms) = postSolution
		{9A9A464A-531D-41FF-A0B2-0F440B4D49A7}.Debug|Any CPU.ActiveCfg = Debug|Any CPU
		{9A9A464A-531D-41FF-A0B2-0F440B4D49A7}.Debug|Any CPU.Build.0 = Debug|Any CPU
		{9A9A464A-531D-41FF-A0B2-0F440B4D49A7}.Release|Any CPU.ActiveCfg = Release|Any CPU
		{9A9A464A-531D-41FF-A0B2-0F440B4D49A7}.Release|Any CPU.Build.0 = Release|Any CPU
	EndGlobalSection
	GlobalSection(SolutionProperties) = preSolution
		HideSolutionNode = FALSE
	EndGlobalSection
	GlobalSection(ExtensibilityGlobals) = postSolution
		SolutionGuid = {E485ABAA-8088-4175-8BC6-CA0E5965A2D9}
	EndGlobalSection
EndGlobal
